
Microsoft Visual Studio Solution File, Format Version 12.00
Project("{FAE04EC0-301F-11D3-BF4B-00C04F79EFBC}") = "src", "src\src.csproj", "{EAF30877-0DCD-4B29-8AEC-0B240909CBFB}"
EndProject
Project("{FAE04EC0-301F-11D3-BF4B-00C04F79EFBC}") = "test", "test\test.csproj", "{EB38B9F5-086A-410C-892C-1A670BB4B0A1}"
EndProject
Global
	GlobalSection(SolutionConfigurationPlatforms) = preSolution
		Debug|Any CPU = Debug|Any CPU
		Release|Any CPU = Release|Any CPU
	EndGlobalSection
	GlobalSection(ProjectConfigurationPlatforms) = postSolution
		{EAF30877-0DCD-4B29-8AEC-0B240909CBFB}.Debug|Any CPU.ActiveCfg = Debug|Any CPU
		{EAF30877-0DCD-4B29-8AEC-0B240909CBFB}.Debug|Any CPU.Build.0 = Debug|Any CPU
		{EAF30877-0DCD-4B29-8AEC-0B240909CBFB}.Release|Any CPU.ActiveCfg = Release|Any CPU
		{EAF30877-0DCD-4B29-8AEC-0B240909CBFB}.Release|Any CPU.Build.0 = Release|Any CPU
		{EB38B9F5-086A-410C-892C-1A670BB4B0A1}.Debug|Any CPU.ActiveCfg = Debug|Any CPU
		{EB38B9F5-086A-410C-892C-1A670BB4B0A1}.Debug|Any CPU.Build.0 = Debug|Any CPU
		{EB38B9F5-086A-410C-892C-1A670BB4B0A1}.Release|Any CPU.ActiveCfg = Release|Any CPU
		{EB38B9F5-086A-410C-892C-1A670BB4B0A1}.Release|Any CPU.Build.0 = Release|Any CPU
	EndGlobalSection
EndGlobal
